
Microsoft Visual Studio Solution File, Format Version 12.00
# Visual Studio Express 2012 for Windows Desktop
Project("{FAE04EC0-301F-11D3-BF4B-00C04F79EFBC}") = "RappelzSniffer", "RappelzSniffer.csproj", "{CD0410AD-B17A-413B-84EB-5CC341D83C82}"
EndProject
Global
	GlobalSection(SolutionConfigurationPlatforms) = preSolution
		Debug|Any CPU = Debug|Any CPU
		Release|Any CPU = Release|Any CPU
	EndGlobalSection
	GlobalSection(ProjectConfigurationPlatforms) = postSolution
		{CD0410AD-B17A-413B-84EB-5CC341D83C82}.Debug|Any CPU.ActiveCfg = Debug|Any CPU
		{CD0410AD-B17A-413B-84EB-5CC341D83C82}.Debug|Any CPU.Build.0 = Debug|Any CPU
		{CD0410AD-B17A-413B-84EB-5CC341D83C82}.Release|Any CPU.ActiveCfg = Release|Any CPU
		{CD0410AD-B17A-413B-84EB-5CC341D83C82}.Release|Any CPU.Build.0 = Release|Any CPU
	EndGlobalSection
	GlobalSection(SolutionProperties) = preSolution
		HideSolutionNode = FALSE
	EndGlobalSection
EndGlobal
